
Microsoft Visual Studio Solution File, Format Version 12.00
# Visual Studio Version 16
VisualStudioVersion = 16.0.29613.14
MinimumVisualStudioVersion = 10.0.40219.1
Project("{9A19103F-16F7-4668-BE54-9A1E7A4F7556}") = "Company.WebApplication1", "Company.WebApplication1.csproj", "{4F81535C-F9AA-4420-803F-C3DE7F5582DD}"
EndProject
Global
	GlobalSection(SolutionConfigurationPlatforms) = preSolution
		Debug|Any CPU = Debug|Any CPU
		Release|Any CPU = Release|Any CPU
	EndGlobalSection
	GlobalSection(ProjectConfigurationPlatforms) = postSolution
		{4F81535C-F9AA-4420-803F-C3DE7F5582DD}.Debug|Any CPU.ActiveCfg = Debug|Any CPU
		{4F81535C-F9AA-4420-803F-C3DE7F5582DD}.Debug|Any CPU.Build.0 = Debug|Any CPU
		{4F81535C-F9AA-4420-803F-C3DE7F5582DD}.Release|Any CPU.ActiveCfg = Release|Any CPU
		{4F81535C-F9AA-4420-803F-C3DE7F5582DD}.Release|Any CPU.Build.0 = Release|Any CPU
	EndGlobalSection
	GlobalSection(SolutionProperties) = preSolution
		HideSolutionNode = FALSE
	EndGlobalSection
	GlobalSection(ExtensibilityGlobals) = postSolution
		SolutionGuid = {5A10E6A5-48CD-4413-84A8-02C6C710B737}
	EndGlobalSection
EndGlobal
